
Microsoft Visual Studio Solution File, Format Version 12.00
# Visual Studio Version 16
VisualStudioVersion = 16.0.33130.400
MinimumVisualStudioVersion = 10.0.40219.1
Project("{FAE04EC0-301F-11D3-BF4B-00C04F79EFBC}") = "CSLab2_2", "CSLab2_2\CSLab2_2.csproj", "{B103B7C2-7D78-4891-BA25-50113D293BB9}"
EndProject
Global
	GlobalSection(SolutionConfigurationPlatforms) = preSolution
		Debug|Any CPU = Debug|Any CPU
		Release|Any CPU = Release|Any CPU
	EndGlobalSection
	GlobalSection(ProjectConfigurationPlatforms) = postSolution
		{B103B7C2-7D78-4891-BA25-50113D293BB9}.Debug|Any CPU.ActiveCfg = Debug|Any CPU
		{B103B7C2-7D78-4891-BA25-50113D293BB9}.Debug|Any CPU.Build.0 = Debug|Any CPU
		{B103B7C2-7D78-4891-BA25-50113D293BB9}.Release|Any CPU.ActiveCfg = Release|Any CPU
		{B103B7C2-7D78-4891-BA25-50113D293BB9}.Release|Any CPU.Build.0 = Release|Any CPU
	EndGlobalSection
	GlobalSection(SolutionProperties) = preSolution
		HideSolutionNode = FALSE
	EndGlobalSection
	GlobalSection(ExtensibilityGlobals) = postSolution
		SolutionGuid = {EEF2F409-B0A9-42C6-803A-CAEA14D90587}
	EndGlobalSection
EndGlobal
