
Microsoft Visual Studio Solution File, Format Version 12.00
# Visual Studio Version 16
VisualStudioVersion = 16.0.33130.400
MinimumVisualStudioVersion = 10.0.40219.1
Project("{FAE04EC0-301F-11D3-BF4B-00C04F79EFBC}") = "CSLab1_1", "CSLab1_1\CSLab1_1.csproj", "{8BD69861-C58A-4C42-B4E1-EE1F111C262E}"
EndProject
Project("{FAE04EC0-301F-11D3-BF4B-00C04F79EFBC}") = "CSLab1_1Tests", "CSLab1_1Tests\CSLab1_1Tests.csproj", "{FBB12FE6-D25E-413C-ACF8-5B818F7BAACD}"
EndProject
Global
	GlobalSection(SolutionConfigurationPlatforms) = preSolution
		Debug|Any CPU = Debug|Any CPU
		Release|Any CPU = Release|Any CPU
	EndGlobalSection
	GlobalSection(ProjectConfigurationPlatforms) = postSolution
		{8BD69861-C58A-4C42-B4E1-EE1F111C262E}.Debug|Any CPU.ActiveCfg = Debug|Any CPU
		{8BD69861-C58A-4C42-B4E1-EE1F111C262E}.Debug|Any CPU.Build.0 = Debug|Any CPU
		{8BD69861-C58A-4C42-B4E1-EE1F111C262E}.Release|Any CPU.ActiveCfg = Release|Any CPU
		{8BD69861-C58A-4C42-B4E1-EE1F111C262E}.Release|Any CPU.Build.0 = Release|Any CPU
		{FBB12FE6-D25E-413C-ACF8-5B818F7BAACD}.Debug|Any CPU.ActiveCfg = Debug|Any CPU
		{FBB12FE6-D25E-413C-ACF8-5B818F7BAACD}.Debug|Any CPU.Build.0 = Debug|Any CPU
		{FBB12FE6-D25E-413C-ACF8-5B818F7BAACD}.Release|Any CPU.ActiveCfg = Release|Any CPU
		{FBB12FE6-D25E-413C-ACF8-5B818F7BAACD}.Release|Any CPU.Build.0 = Release|Any CPU
	EndGlobalSection
	GlobalSection(SolutionProperties) = preSolution
		HideSolutionNode = FALSE
	EndGlobalSection
	GlobalSection(ExtensibilityGlobals) = postSolution
		SolutionGuid = {26A960FA-CDE7-4A45-B7FF-F27DCEF7CACB}
	EndGlobalSection
EndGlobal
